
Microsoft Visual Studio Solution File, Format Version 12.00
# Visual Studio Version 17
VisualStudioVersion = 17.3.32929.385
MinimumVisualStudioVersion = 10.0.40219.1
Project("{FAE04EC0-301F-11D3-BF4B-00C04F79EFBC}") = "StartingTechLevel", "StartingTechLevel.csproj", "{CF214DD5-46B2-49AA-ABD4-EEB76AD73164}"
EndProject
Global
	GlobalSection(SolutionConfigurationPlatforms) = preSolution
		Debug|Any CPU = Debug|Any CPU
		Release|Any CPU = Release|Any CPU
	EndGlobalSection
	GlobalSection(ProjectConfigurationPlatforms) = postSolution
		{CF214DD5-46B2-49AA-ABD4-EEB76AD73164}.Debug|Any CPU.ActiveCfg = Debug|Any CPU
		{CF214DD5-46B2-49AA-ABD4-EEB76AD73164}.Debug|Any CPU.Build.0 = Debug|Any CPU
		{CF214DD5-46B2-49AA-ABD4-EEB76AD73164}.Release|Any CPU.ActiveCfg = Release|Any CPU
		{CF214DD5-46B2-49AA-ABD4-EEB76AD73164}.Release|Any CPU.Build.0 = Release|Any CPU
	EndGlobalSection
	GlobalSection(SolutionProperties) = preSolution
		HideSolutionNode = FALSE
	EndGlobalSection
	GlobalSection(ExtensibilityGlobals) = postSolution
		SolutionGuid = {F1A14242-FBB6-4BD8-AE1B-B19562D7840B}
	EndGlobalSection
EndGlobal
